
Microsoft Visual Studio Solution File, Format Version 12.00
# Visual Studio Version 16
VisualStudioVersion = 16.0.31911.196
MinimumVisualStudioVersion = 10.0.40219.1
Project("{FAE04EC0-301F-11D3-BF4B-00C04F79EFBC}") = "WPFTeam10", "WPFTeam10\WPFTeam10.csproj", "{8B31455A-D8BF-4D10-8DB6-60E5E0E22651}"
EndProject
Project("{FAE04EC0-301F-11D3-BF4B-00C04F79EFBC}") = "ClassLibTeam10", "ClassLibTeam10\ClassLibTeam10.csproj", "{C580442C-8BC3-4B0F-B3A0-EC80361B773B}"
EndProject
Project("{FAE04EC0-301F-11D3-BF4B-00C04F79EFBC}") = "WebApiTeam10", "WebApiTeam10\WebApiTeam10.csproj", "{46A6C232-5FAE-4210-B449-EA8FE2B6CA5A}"
EndProject
Global
	GlobalSection(SolutionConfigurationPlatforms) = preSolution
		Debug|Any CPU = Debug|Any CPU
		Release|Any CPU = Release|Any CPU
	EndGlobalSection
	GlobalSection(ProjectConfigurationPlatforms) = postSolution
		{8B31455A-D8BF-4D10-8DB6-60E5E0E22651}.Debug|Any CPU.ActiveCfg = Debug|Any CPU
		{8B31455A-D8BF-4D10-8DB6-60E5E0E22651}.Debug|Any CPU.Build.0 = Debug|Any CPU
		{8B31455A-D8BF-4D10-8DB6-60E5E0E22651}.Release|Any CPU.ActiveCfg = Release|Any CPU
		{8B31455A-D8BF-4D10-8DB6-60E5E0E22651}.Release|Any CPU.Build.0 = Release|Any CPU
		{C580442C-8BC3-4B0F-B3A0-EC80361B773B}.Debug|Any CPU.ActiveCfg = Debug|Any CPU
		{C580442C-8BC3-4B0F-B3A0-EC80361B773B}.Debug|Any CPU.Build.0 = Debug|Any CPU
		{C580442C-8BC3-4B0F-B3A0-EC80361B773B}.Release|Any CPU.ActiveCfg = Release|Any CPU
		{C580442C-8BC3-4B0F-B3A0-EC80361B773B}.Release|Any CPU.Build.0 = Release|Any CPU
		{46A6C232-5FAE-4210-B449-EA8FE2B6CA5A}.Debug|Any CPU.ActiveCfg = Debug|Any CPU
		{46A6C232-5FAE-4210-B449-EA8FE2B6CA5A}.Debug|Any CPU.Build.0 = Debug|Any CPU
		{46A6C232-5FAE-4210-B449-EA8FE2B6CA5A}.Release|Any CPU.ActiveCfg = Release|Any CPU
		{46A6C232-5FAE-4210-B449-EA8FE2B6CA5A}.Release|Any CPU.Build.0 = Release|Any CPU
	EndGlobalSection
	GlobalSection(SolutionProperties) = preSolution
		HideSolutionNode = FALSE
	EndGlobalSection
	GlobalSection(ExtensibilityGlobals) = postSolution
		SolutionGuid = {A8CE91E7-6A30-422E-9FDB-FE565F2DD81B}
	EndGlobalSection
EndGlobal
